
Microsoft Visual Studio Solution File, Format Version 12.00
# Visual Studio 15
VisualStudioVersion = 15.0.28010.2048
MinimumVisualStudioVersion = 10.0.40219.1
Project("{FAE04EC0-301F-11D3-BF4B-00C04F79EFBC}") = "WowGuildApp", "WowGuildApp\WowGuildApp.csproj", "{29E873FE-005E-45F6-BF61-F0E8FB4890CD}"
EndProject
Global
	GlobalSection(SolutionConfigurationPlatforms) = preSolution
		Debug|Any CPU = Debug|Any CPU
		Release|Any CPU = Release|Any CPU
	EndGlobalSection
	GlobalSection(ProjectConfigurationPlatforms) = postSolution
		{29E873FE-005E-45F6-BF61-F0E8FB4890CD}.Debug|Any CPU.ActiveCfg = Debug|Any CPU
		{29E873FE-005E-45F6-BF61-F0E8FB4890CD}.Debug|Any CPU.Build.0 = Debug|Any CPU
		{29E873FE-005E-45F6-BF61-F0E8FB4890CD}.Release|Any CPU.ActiveCfg = Release|Any CPU
		{29E873FE-005E-45F6-BF61-F0E8FB4890CD}.Release|Any CPU.Build.0 = Release|Any CPU
	EndGlobalSection
	GlobalSection(SolutionProperties) = preSolution
		HideSolutionNode = FALSE
	EndGlobalSection
	GlobalSection(ExtensibilityGlobals) = postSolution
		SolutionGuid = {8AB838FA-85B9-4F7B-9B6A-6A791E996043}
	EndGlobalSection
EndGlobal
